
Microsoft Visual Studio Solution File, Format Version 12.00
# Visual Studio Version 16
VisualStudioVersion = 16.0.31911.196
MinimumVisualStudioVersion = 10.0.40219.1
Project("{FAE04EC0-301F-11D3-BF4B-00C04F79EFBC}") = "qdxExercise", "qdxExercise.csproj", "{9EFE2BFE-3ABD-4898-A79C-1673E0737AE2}"
EndProject
Global
	GlobalSection(SolutionConfigurationPlatforms) = preSolution
		Debug|Any CPU = Debug|Any CPU
		Release|Any CPU = Release|Any CPU
	EndGlobalSection
	GlobalSection(ProjectConfigurationPlatforms) = postSolution
		{9EFE2BFE-3ABD-4898-A79C-1673E0737AE2}.Debug|Any CPU.ActiveCfg = Debug|Any CPU
		{9EFE2BFE-3ABD-4898-A79C-1673E0737AE2}.Debug|Any CPU.Build.0 = Debug|Any CPU
		{9EFE2BFE-3ABD-4898-A79C-1673E0737AE2}.Release|Any CPU.ActiveCfg = Release|Any CPU
		{9EFE2BFE-3ABD-4898-A79C-1673E0737AE2}.Release|Any CPU.Build.0 = Release|Any CPU
	EndGlobalSection
	GlobalSection(SolutionProperties) = preSolution
		HideSolutionNode = FALSE
	EndGlobalSection
	GlobalSection(ExtensibilityGlobals) = postSolution
		SolutionGuid = {60E2BDF2-39DC-435C-98C7-3A172B2D02B0}
	EndGlobalSection
EndGlobal
